{
  "name": "web",
  "version": "1.0.0",
  "lockfileVersion": 3,
  "requires": true,
  "packages": {
    "": {
      "name": "web",
      "version": "1.0.0",
      "license": "ISC",
      "dependencies": {
        "@fontsource-variable/onest": "^5.2.11"
      }
    },
    "node_modules/@fontsource-variable/onest": {
      "version": "5.2.11",
      "resolved": "https://registry.npmjs.org/@fontsource-variable/onest/-/onest-5.2.11.tgz",
      "integrity": "sha512-knJww1KxK4g66+qu90q3CPBvl4zhL5oDRi3/JMkYMmlhW3OgyRgT4MMfgd6jg2lvho7bLPAXfsYPh59h0yzwUA==",
      "funding": {
        "url": "https://github.com/sponsors/ayuhito"
      }
    }
  }
}
